
Microsoft Visual Studio Solution File, Format Version 12.00
# Visual Studio Version 17
VisualStudioVersion = 17.4.33205.214
MinimumVisualStudioVersion = 10.0.40219.1
Project("{FAE04EC0-301F-11D3-BF4B-00C04F79EFBC}") = "DotNetCoreWebApiFileUploadSample", "DotNetCoreWebApiFileUploadSample\DotNetCoreWebApiFileUploadSample.csproj", "{E7250593-28F8-4448-B044-6E0EF0C21CED}"
EndProject
Project("{FAE04EC0-301F-11D3-BF4B-00C04F79EFBC}") = "DotNetCoreWebApiFileUploadSample.Test", "DotNetCoreWebApiFileUploadSample.Test\DotNetCoreWebApiFileUploadSample.Test.csproj", "{D220CE1E-D196-4DE8-A702-0F810E27958E}"
EndProject
Global
	GlobalSection(SolutionConfigurationPlatforms) = preSolution
		Debug|Any CPU = Debug|Any CPU
		Release|Any CPU = Release|Any CPU
	EndGlobalSection
	GlobalSection(ProjectConfigurationPlatforms) = postSolution
		{E7250593-28F8-4448-B044-6E0EF0C21CED}.Debug|Any CPU.ActiveCfg = Debug|Any CPU
		{E7250593-28F8-4448-B044-6E0EF0C21CED}.Debug|Any CPU.Build.0 = Debug|Any CPU
		{E7250593-28F8-4448-B044-6E0EF0C21CED}.Release|Any CPU.ActiveCfg = Release|Any CPU
		{E7250593-28F8-4448-B044-6E0EF0C21CED}.Release|Any CPU.Build.0 = Release|Any CPU
		{D220CE1E-D196-4DE8-A702-0F810E27958E}.Debug|Any CPU.ActiveCfg = Debug|Any CPU
		{D220CE1E-D196-4DE8-A702-0F810E27958E}.Debug|Any CPU.Build.0 = Debug|Any CPU
		{D220CE1E-D196-4DE8-A702-0F810E27958E}.Release|Any CPU.ActiveCfg = Release|Any CPU
		{D220CE1E-D196-4DE8-A702-0F810E27958E}.Release|Any CPU.Build.0 = Release|Any CPU
	EndGlobalSection
	GlobalSection(SolutionProperties) = preSolution
		HideSolutionNode = FALSE
	EndGlobalSection
	GlobalSection(ExtensibilityGlobals) = postSolution
		SolutionGuid = {0F09320D-17E7-4A81-8081-0D7F8EF7D5CF}
	EndGlobalSection
EndGlobal
